dependencies:
- name: common
  repository: https://charts.bitnami.com/bitnami
  version: 2.31.3
- name: reloader
  repository: https://stakater.github.io/stakater-charts
  version: 2.1.2
digest: sha256:8d4a9038006b72bc277d473815671aff16f1511c61b9d01b18221b4a6aafeba3
generated: "2025-06-17T18:38:43.116589401Z"
