dependencies:
- name: common
  repository: https://charts.bitnami.com/bitnami
  version: 2.36.0
- name: reloader
  repository: https://stakater.github.io/stakater-charts
  version: 2.2.8
digest: sha256:950bd3ccff97963011655f846f036af7f3c911d6007f196fa19e53a231479e24
generated: "2026-02-13T22:32:32.468882618Z"
