dependencies:
- name: common
  repository: https://charts.bitnami.com/bitnami
  version: 2.39.0
- name: reloader
  repository: https://stakater.github.io/stakater-charts
  version: 2.2.11
digest: sha256:8ddaacb6c5c622771dca5488d081ddb9fcd83014211f39a069b946d4aa607ea5
generated: "2026-05-07T22:09:52.681406361Z"
